
Microsoft Visual Studio Solution File, Format Version 12.00
# Visual Studio Version 16
VisualStudioVersion = 16.0.30011.22
MinimumVisualStudioVersion = 10.0.40219.1
Project("{FAE04EC0-301F-11D3-BF4B-00C04F79EFBC}") = "PoEW.GUI", "PoEW.GUI.csproj", "{A95B7303-DDCC-4055-8D0E-B51816AB964E}"
EndProject
Global
	GlobalSection(SolutionConfigurationPlatforms) = preSolution
		Debug|Any CPU = Debug|Any CPU
		Release|Any CPU = Release|Any CPU
	EndGlobalSection
	GlobalSection(ProjectConfigurationPlatforms) = postSolution
		{A95B7303-DDCC-4055-8D0E-B51816AB964E}.Debug|Any CPU.ActiveCfg = Debug|Any CPU
		{A95B7303-DDCC-4055-8D0E-B51816AB964E}.Debug|Any CPU.Build.0 = Debug|Any CPU
		{A95B7303-DDCC-4055-8D0E-B51816AB964E}.Release|Any CPU.ActiveCfg = Release|Any CPU
		{A95B7303-DDCC-4055-8D0E-B51816AB964E}.Release|Any CPU.Build.0 = Release|Any CPU
	EndGlobalSection
	GlobalSection(SolutionProperties) = preSolution
		HideSolutionNode = FALSE
	EndGlobalSection
	GlobalSection(ExtensibilityGlobals) = postSolution
		SolutionGuid = {B16A3449-56E9-4013-B1EA-232F866DCCFA}
	EndGlobalSection
EndGlobal
